
Microsoft Visual Studio Solution File, Format Version 12.00
# Visual Studio Express 15 for Windows Desktop
VisualStudioVersion = 15.0.37327.16
MinimumVisualStudioVersion = 10.0.40219.1
Project("{FAE04EC0-301F-11D3-BF4B-00C04F79EFBC}") = "WDC.MODEL", "WDC.MODEL\WDC.MODEL.csproj", "{4438ED35-4D86-42CE-BDB6-9E58360927D1}"
EndProject
Project("{FAE04EC0-301F-11D3-BF4B-00C04F79EFBC}") = "WDC.SERVICES", "WDC.SERVICES\WDC.SERVICES.csproj", "{ADEA3D4A-76CF-4B20-B558-17459E95AFC1}"
EndProject
Project("{FAE04EC0-301F-11D3-BF4B-00C04F79EFBC}") = "WDC.VIEWMODEL", "WDC.VIEWMODEL\WDC.VIEWMODEL.csproj", "{50723280-2B5C-459F-A106-A470D22327AC}"
EndProject
Project("{FAE04EC0-301F-11D3-BF4B-00C04F79EFBC}") = "WDC", "WDC\WDC.csproj", "{6F511B1E-20A8-45B3-BC8B-E8870EF5F8E5}"
EndProject
Project("{FAE04EC0-301F-11D3-BF4B-00C04F79EFBC}") = "WDC.EDRAWINGS", "WDC.EDRAWINGS\WDC.EDRAWINGS.csproj", "{C6EBB1C4-AD6E-41C5-AD32-1303C68B9247}"
EndProject
Global
	GlobalSection(SolutionConfigurationPlatforms) = preSolution
		Debug|Any CPU = Debug|Any CPU
		Release|Any CPU = Release|Any CPU
	EndGlobalSection
	GlobalSection(ProjectConfigurationPlatforms) = postSolution
		{4438ED35-4D86-42CE-BDB6-9E58360927D1}.Debug|Any CPU.ActiveCfg = Debug|Any CPU
		{4438ED35-4D86-42CE-BDB6-9E58360927D1}.Debug|Any CPU.Build.0 = Debug|Any CPU
		{4438ED35-4D86-42CE-BDB6-9E58360927D1}.Release|Any CPU.ActiveCfg = Release|Any CPU
		{4438ED35-4D86-42CE-BDB6-9E58360927D1}.Release|Any CPU.Build.0 = Release|Any CPU
		{ADEA3D4A-76CF-4B20-B558-17459E95AFC1}.Debug|Any CPU.ActiveCfg = Debug|Any CPU
		{ADEA3D4A-76CF-4B20-B558-17459E95AFC1}.Debug|Any CPU.Build.0 = Debug|Any CPU
		{ADEA3D4A-76CF-4B20-B558-17459E95AFC1}.Release|Any CPU.ActiveCfg = Release|Any CPU
		{ADEA3D4A-76CF-4B20-B558-17459E95AFC1}.Release|Any CPU.Build.0 = Release|Any CPU
		{50723280-2B5C-459F-A106-A470D22327AC}.Debug|Any CPU.ActiveCfg = Debug|Any CPU
		{50723280-2B5C-459F-A106-A470D22327AC}.Debug|Any CPU.Build.0 = Debug|Any CPU
		{50723280-2B5C-459F-A106-A470D22327AC}.Release|Any CPU.ActiveCfg = Release|Any CPU
		{50723280-2B5C-459F-A106-A470D22327AC}.Release|Any CPU.Build.0 = Release|Any CPU
		{6F511B1E-20A8-45B3-BC8B-E8870EF5F8E5}.Debug|Any CPU.ActiveCfg = Debug|Any CPU
		{6F511B1E-20A8-45B3-BC8B-E8870EF5F8E5}.Debug|Any CPU.Build.0 = Debug|Any CPU
		{6F511B1E-20A8-45B3-BC8B-E8870EF5F8E5}.Release|Any CPU.ActiveCfg = Release|Any CPU
		{6F511B1E-20A8-45B3-BC8B-E8870EF5F8E5}.Release|Any CPU.Build.0 = Release|Any CPU
		{C6EBB1C4-AD6E-41C5-AD32-1303C68B9247}.Debug|Any CPU.ActiveCfg = Debug|Any CPU
		{C6EBB1C4-AD6E-41C5-AD32-1303C68B9247}.Debug|Any CPU.Build.0 = Debug|Any CPU
		{C6EBB1C4-AD6E-41C5-AD32-1303C68B9247}.Release|Any CPU.ActiveCfg = Release|Any CPU
		{C6EBB1C4-AD6E-41C5-AD32-1303C68B9247}.Release|Any CPU.Build.0 = Release|Any CPU
	EndGlobalSection
	GlobalSection(SolutionProperties) = preSolution
		HideSolutionNode = FALSE
	EndGlobalSection
	GlobalSection(ExtensibilityGlobals) = postSolution
		SolutionGuid = {8EE0C905-2368-43AC-90F6-3F80DBC957BF}
	EndGlobalSection
EndGlobal
